// !$*UTF8*$!
{
	archiveVersion = 1;
	classes = {
	};
	objectVersion = 77;
	objects = {

/* Begin PBXBuildFile section */
		43C1615696A5C6C564486866 /* Pods_PokepoCodeIdUITests.framework in Frameworks */ = {isa = PBXBuildFile; fileRef = 01230F16D0B8DF3F53FEF7BB /* Pods_PokepoCodeIdUITests.framework */; };
		882E3398734CC1D5A0D777DB /* Pods_PokepoCodeId.framework in Frameworks */ = {isa = PBXBuildFile; fileRef = E81C5D1C726A1BC3C3FB239A /* Pods_PokepoCodeId.framework */; };
		9B5D1410425510B002CEE00B /* Pods_PokepoCodeIdTests.framework in Frameworks */ = {isa = PBXBuildFile; fileRef = 13BAF3634D7C93CE4485DBDA /* Pods_PokepoCodeIdTests.framework */; };
		C95F9E462E526FC50089B679 /* AlamofireDynamic in Frameworks */ = {isa = PBXBuildFile; productRef = C95F9E452E526FC50089B679 /* AlamofireDynamic */; };
		C9B47E4E2E572DFC005B1A23 /* RxBlocking-Dynamic in Frameworks */ = {isa = PBXBuildFile; productRef = C9B47E4D2E572DFC005B1A23 /* RxBlocking-Dynamic */; };
		C9B47E522E572DFC005B1A23 /* RxCocoa-Dynamic in Frameworks */ = {isa = PBXBuildFile; productRef = C9B47E512E572DFC005B1A23 /* RxCocoa-Dynamic */; };
		C9B47E542E572DFC005B1A23 /* RxRelay in Frameworks */ = {isa = PBXBuildFile; productRef = C9B47E532E572DFC005B1A23 /* RxRelay */; };
		C9B47E572E572E66005B1A23 /* XLPagerTabStrip in Frameworks */ = {isa = PBXBuildFile; productRef = C9B47E562E572E66005B1A23 /* XLPagerTabStrip */; };
		C9B47E5C2E57302C005B1A23 /* RealmSwift in Frameworks */ = {isa = PBXBuildFile; productRef = C9B47E5B2E57302C005B1A23 /* RealmSwift */; };
		C9B47ED72E5730A4005B1A23 /* Kingfisher in Frameworks */ = {isa = PBXBuildFile; productRef = C9B47ED62E5730A4005B1A23 /* Kingfisher */; };
/* End PBXBuildFile section */

/* Begin PBXContainerItemProxy section */
		C90E918A2E524A8D00C2AB9A /* PBXContainerItemProxy */ = {
			isa = PBXContainerItemProxy;
			containerPortal = C90E916B2E524A8C00C2AB9A /* Project object */;
			proxyType = 1;
			remoteGlobalIDString = C90E91722E524A8C00C2AB9A;
			remoteInfo = PokepoCodeId;
		};
		C90E91942E524A8D00C2AB9A /* PBXContainerItemProxy */ = {
			isa = PBXContainerItemProxy;
			containerPortal = C90E916B2E524A8C00C2AB9A /* Project object */;
			proxyType = 1;
			remoteGlobalIDString = C90E91722E524A8C00C2AB9A;
			remoteInfo = PokepoCodeId;
		};
/* End PBXContainerItemProxy section */

/* Begin PBXFileReference section */
		01230F16D0B8DF3F53FEF7BB /* Pods_PokepoCodeIdUITests.framework */ = {isa = PBXFileReference; explicitFileType = wrapper.framework; includeInIndex = 0; path = Pods_PokepoCodeIdUITests.framework; sourceTree = BUILT_PRODUCTS_DIR; };
		13BAF3634D7C93CE4485DBDA /* Pods_PokepoCodeIdTests.framework */ = {isa = PBXFileReference; explicitFileType = wrapper.framework; includeInIndex = 0; path = Pods_PokepoCodeIdTests.framework; sourceTree = BUILT_PRODUCTS_DIR; };
		3AF8A0336E047326CBEF1C82 /* Pods-PokepoCodeIdTests.debug.xcconfig */ = {isa = PBXFileReference; includeInIndex = 1; lastKnownFileType = text.xcconfig; name = "Pods-PokepoCodeIdTests.debug.xcconfig"; path = "Target Support Files/Pods-PokepoCodeIdTests/Pods-PokepoCodeIdTests.debug.xcconfig"; sourceTree = "<group>"; };
		3DBA1CA653BDC57805D15334 /* Pods-PokepoCodeIdUITests.release.xcconfig */ = {isa = PBXFileReference; includeInIndex = 1; lastKnownFileType = text.xcconfig; name = "Pods-PokepoCodeIdUITests.release.xcconfig"; path = "Target Support Files/Pods-PokepoCodeIdUITests/Pods-PokepoCodeIdUITests.release.xcconfig"; sourceTree = "<group>"; };
		51F3ADC570EB4DA3321470C0 /* Pods-PokepoCodeId.release.xcconfig */ = {isa = PBXFileReference; includeInIndex = 1; lastKnownFileType = text.xcconfig; name = "Pods-PokepoCodeId.release.xcconfig"; path = "Target Support Files/Pods-PokepoCodeId/Pods-PokepoCodeId.release.xcconfig"; sourceTree = "<group>"; };
		848A0728418F64985824069B /* Pods-PokepoCodeIdUITests.debug.xcconfig */ = {isa = PBXFileReference; includeInIndex = 1; lastKnownFileType = text.xcconfig; name = "Pods-PokepoCodeIdUITests.debug.xcconfig"; path = "Target Support Files/Pods-PokepoCodeIdUITests/Pods-PokepoCodeIdUITests.debug.xcconfig"; sourceTree = "<group>"; };
		A0A0DC741B0079CA8AE78EBE /* Pods-PokepoCodeIdTests.release.xcconfig */ = {isa = PBXFileReference; includeInIndex = 1; lastKnownFileType = text.xcconfig; name = "Pods-PokepoCodeIdTests.release.xcconfig"; path = "Target Support Files/Pods-PokepoCodeIdTests/Pods-PokepoCodeIdTests.release.xcconfig"; sourceTree = "<group>"; };
		B523D3E7EA373FA713250EF6 /* Pods-PokepoCodeId.debug.xcconfig */ = {isa = PBXFileReference; includeInIndex = 1; lastKnownFileType = text.xcconfig; name = "Pods-PokepoCodeId.debug.xcconfig"; path = "Target Support Files/Pods-PokepoCodeId/Pods-PokepoCodeId.debug.xcconfig"; sourceTree = "<group>"; };
		C90E91732E524A8C00C2AB9A /* PokepoCodeId.app */ = {isa = PBXFileReference; explicitFileType = wrapper.application; includeInIndex = 0; path = PokepoCodeId.app; sourceTree = BUILT_PRODUCTS_DIR; };
		C90E91892E524A8D00C2AB9A /* PokepoCodeIdTests.xctest */ = {isa = PBXFileReference; explicitFileType = wrapper.cfbundle; includeInIndex = 0; path = PokepoCodeIdTests.xctest; sourceTree = BUILT_PRODUCTS_DIR; };
		C90E91932E524A8D00C2AB9A /* PokepoCodeIdUITests.xctest */ = {isa = PBXFileReference; explicitFileType = wrapper.cfbundle; includeInIndex = 0; path = PokepoCodeIdUITests.xctest; sourceTree = BUILT_PRODUCTS_DIR; };
		E81C5D1C726A1BC3C3FB239A /* Pods_PokepoCodeId.framework */ = {isa = PBXFileReference; explicitFileType = wrapper.framework; includeInIndex = 0; path = Pods_PokepoCodeId.framework; sourceTree = BUILT_PRODUCTS_DIR; };
/* End PBXFileReference section */

/* Begin PBXFileSystemSynchronizedBuildFileExceptionSet section */
		C90E919B2E524A8D00C2AB9A /* Exceptions for "PokepoCodeId" folder in "PokepoCodeId" target */ = {
			isa = PBXFileSystemSynchronizedBuildFileExceptionSet;
			membershipExceptions = (
				Info.plist,
			);
			target = C90E91722E524A8C00C2AB9A /* PokepoCodeId */;
		};
/* End PBXFileSystemSynchronizedBuildFileExceptionSet section */

/* Begin PBXFileSystemSynchronizedRootGroup section */
		C90E91752E524A8C00C2AB9A /* PokepoCodeId */ = {
			isa = PBXFileSystemSynchronizedRootGroup;
			exceptions = (
				C90E919B2E524A8D00C2AB9A /* Exceptions for "PokepoCodeId" folder in "PokepoCodeId" target */,
			);
			path = PokepoCodeId;
			sourceTree = "<group>";
		};
		C90E918C2E524A8D00C2AB9A /* PokepoCodeIdTests */ = {
			isa = PBXFileSystemSynchronizedRootGroup;
			path = PokepoCodeIdTests;
			sourceTree = "<group>";
		};
		C90E91962E524A8D00C2AB9A /* PokepoCodeIdUITests */ = {
			isa = PBXFileSystemSynchronizedRootGroup;
			path = PokepoCodeIdUITests;
			sourceTree = "<group>";
		};
/* End PBXFileSystemSynchronizedRootGroup section */

/* Begin PBXFrameworksBuildPhase section */
		C90E91702E524A8C00C2AB9A /* Frameworks */ = {
			isa = PBXFrameworksBuildPhase;
			buildActionMask = 2147483647;
			files = (
				C9B47ED72E5730A4005B1A23 /* Kingfisher in Frameworks */,
				C9B47E522E572DFC005B1A23 /* RxCocoa-Dynamic in Frameworks */,
				C95F9E462E526FC50089B679 /* AlamofireDynamic in Frameworks */,
				C9B47E542E572DFC005B1A23 /* RxRelay in Frameworks */,
				C9B47E5C2E57302C005B1A23 /* RealmSwift in Frameworks */,
				C9B47E4E2E572DFC005B1A23 /* RxBlocking-Dynamic in Frameworks */,
				C9B47E572E572E66005B1A23 /* XLPagerTabStrip in Frameworks */,
				882E3398734CC1D5A0D777DB /* Pods_PokepoCodeId.framework in Frameworks */,
			);
			runOnlyForDeploymentPostprocessing = 0;
		};
		C90E91862E524A8D00C2AB9A /* Frameworks */ = {
			isa = PBXFrameworksBuildPhase;
			buildActionMask = 2147483647;
			files = (
				9B5D1410425510B002CEE00B /* Pods_PokepoCodeIdTests.framework in Frameworks */,
			);
			runOnlyForDeploymentPostprocessing = 0;
		};
		C90E91902E524A8D00C2AB9A /* Frameworks */ = {
			isa = PBXFrameworksBuildPhase;
			buildActionMask = 2147483647;
			files = (
				43C1615696A5C6C564486866 /* Pods_PokepoCodeIdUITests.framework in Frameworks */,
			);
			runOnlyForDeploymentPostprocessing = 0;
		};
/* End PBXFrameworksBuildPhase section */

/* Begin PBXGroup section */
		C16606C4E0EBD0AF65E2914B /* Pods */ = {
			isa = PBXGroup;
			children = (
				B523D3E7EA373FA713250EF6 /* Pods-PokepoCodeId.debug.xcconfig */,
				51F3ADC570EB4DA3321470C0 /* Pods-PokepoCodeId.release.xcconfig */,
				3AF8A0336E047326CBEF1C82 /* Pods-PokepoCodeIdTests.debug.xcconfig */,
				A0A0DC741B0079CA8AE78EBE /* Pods-PokepoCodeIdTests.release.xcconfig */,
				848A0728418F64985824069B /* Pods-PokepoCodeIdUITests.debug.xcconfig */,
				3DBA1CA653BDC57805D15334 /* Pods-PokepoCodeIdUITests.release.xcconfig */,
			);
			path = Pods;
			sourceTree = "<group>";
		};
		C90E916A2E524A8C00C2AB9A = {
			isa = PBXGroup;
			children = (
				C90E91752E524A8C00C2AB9A /* PokepoCodeId */,
				C90E918C2E524A8D00C2AB9A /* PokepoCodeIdTests */,
				C90E91962E524A8D00C2AB9A /* PokepoCodeIdUITests */,
				C90E91742E524A8C00C2AB9A /* Products */,
				C16606C4E0EBD0AF65E2914B /* Pods */,
				F8A58D938142843BDA9146EF /* Frameworks */,
			);
			sourceTree = "<group>";
		};
		C90E91742E524A8C00C2AB9A /* Products */ = {
			isa = PBXGroup;
			children = (
				C90E91732E524A8C00C2AB9A /* PokepoCodeId.app */,
				C90E91892E524A8D00C2AB9A /* PokepoCodeIdTests.xctest */,
				C90E91932E524A8D00C2AB9A /* PokepoCodeIdUITests.xctest */,
			);
			name = Products;
			sourceTree = "<group>";
		};
		F8A58D938142843BDA9146EF /* Frameworks */ = {
			isa = PBXGroup;
			children = (
				E81C5D1C726A1BC3C3FB239A /* Pods_PokepoCodeId.framework */,
				13BAF3634D7C93CE4485DBDA /* Pods_PokepoCodeIdTests.framework */,
				01230F16D0B8DF3F53FEF7BB /* Pods_PokepoCodeIdUITests.framework */,
			);
			name = Frameworks;
			sourceTree = "<group>";
		};
/* End PBXGroup section */

/* Begin PBXNativeTarget section */
		C90E91722E524A8C00C2AB9A /* PokepoCodeId */ = {
			isa = PBXNativeTarget;
			buildConfigurationList = C90E919C2E524A8D00C2AB9A /* Build configuration list for PBXNativeTarget "PokepoCodeId" */;
			buildPhases = (
				5A98004B09120865C5C0EBD5 /* [CP] Check Pods Manifest.lock */,
				C90E916F2E524A8C00C2AB9A /* Sources */,
				C90E91702E524A8C00C2AB9A /* Frameworks */,
				C90E91712E524A8C00C2AB9A /* Resources */,
			);
			buildRules = (
			);
			dependencies = (
			);
			fileSystemSynchronizedGroups = (
				C90E91752E524A8C00C2AB9A /* PokepoCodeId */,
			);
			name = PokepoCodeId;
			productName = PokepoCodeId;
			productReference = C90E91732E524A8C00C2AB9A /* PokepoCodeId.app */;
			productType = "com.apple.product-type.application";
		};
		C90E91882E524A8D00C2AB9A /* PokepoCodeIdTests */ = {
			isa = PBXNativeTarget;
			buildConfigurationList = C90E91A12E524A8D00C2AB9A /* Build configuration list for PBXNativeTarget "PokepoCodeIdTests" */;
			buildPhases = (
				AA7B0B0B9793D8A94D6E96B4 /* [CP] Check Pods Manifest.lock */,
				C90E91852E524A8D00C2AB9A /* Sources */,
				C90E91862E524A8D00C2AB9A /* Frameworks */,
				C90E91872E524A8D00C2AB9A /* Resources */,
			);
			buildRules = (
			);
			dependencies = (
				C90E918B2E524A8D00C2AB9A /* PBXTargetDependency */,
			);
			fileSystemSynchronizedGroups = (
				C90E918C2E524A8D00C2AB9A /* PokepoCodeIdTests */,
			);
			name = PokepoCodeIdTests;
			productName = PokepoCodeIdTests;
			productReference = C90E91892E524A8D00C2AB9A /* PokepoCodeIdTests.xctest */;
			productType = "com.apple.product-type.bundle.unit-test";
		};
		C90E91922E524A8D00C2AB9A /* PokepoCodeIdUITests */ = {
			isa = PBXNativeTarget;
			buildConfigurationList = C90E91A42E524A8D00C2AB9A /* Build configuration list for PBXNativeTarget "PokepoCodeIdUITests" */;
			buildPhases = (
				EFB34E922CE2FEF8D65FAD49 /* [CP] Check Pods Manifest.lock */,
				C90E918F2E524A8D00C2AB9A /* Sources */,
				C90E91902E524A8D00C2AB9A /* Frameworks */,
				C90E91912E524A8D00C2AB9A /* Resources */,
			);
			buildRules = (
			);
			dependencies = (
				C90E91952E524A8D00C2AB9A /* PBXTargetDependency */,
			);
			fileSystemSynchronizedGroups = (
				C90E91962E524A8D00C2AB9A /* PokepoCodeIdUITests */,
			);
			name = PokepoCodeIdUITests;
			productName = PokepoCodeIdUITests;
			productReference = C90E91932E524A8D00C2AB9A /* PokepoCodeIdUITests.xctest */;
			productType = "com.apple.product-type.bundle.ui-testing";
		};
/* End PBXNativeTarget section */

/* Begin PBXProject section */
		C90E916B2E524A8C00C2AB9A /* Project object */ = {
			isa = PBXProject;
			attributes = {
				BuildIndependentTargetsInParallel = 1;
				LastSwiftUpdateCheck = 1640;
				LastUpgradeCheck = 1640;
				TargetAttributes = {
					C90E91722E524A8C00C2AB9A = {
						CreatedOnToolsVersion = 16.4;
					};
					C90E91882E524A8D00C2AB9A = {
						CreatedOnToolsVersion = 16.4;
						TestTargetID = C90E91722E524A8C00C2AB9A;
					};
					C90E91922E524A8D00C2AB9A = {
						CreatedOnToolsVersion = 16.4;
						TestTargetID = C90E91722E524A8C00C2AB9A;
					};
				};
			};
			buildConfigurationList = C90E916E2E524A8C00C2AB9A /* Build configuration list for PBXProject "PokepoCodeId" */;
			developmentRegion = en;
			hasScannedForEncodings = 0;
			knownRegions = (
				en,
				Base,
			);
			mainGroup = C90E916A2E524A8C00C2AB9A;
			minimizedProjectReferenceProxies = 1;
			packageReferences = (
				C95F9E422E526F6E0089B679 /* XCRemoteSwiftPackageReference "Alamofire" */,
				C9B47E4A2E572DFC005B1A23 /* XCRemoteSwiftPackageReference "RxSwift" */,
				C9B47E552E572E66005B1A23 /* XCRemoteSwiftPackageReference "XLPagerTabStrip" */,
				C9B47E582E57302C005B1A23 /* XCRemoteSwiftPackageReference "realm-swift" */,
				C9B47ED52E5730A4005B1A23 /* XCRemoteSwiftPackageReference "Kingfisher" */,
			);
			preferredProjectObjectVersion = 77;
			productRefGroup = C90E91742E524A8C00C2AB9A /* Products */;
			projectDirPath = "";
			projectRoot = "";
			targets = (
				C90E91722E524A8C00C2AB9A /* PokepoCodeId */,
				C90E91882E524A8D00C2AB9A /* PokepoCodeIdTests */,
				C90E91922E524A8D00C2AB9A /* PokepoCodeIdUITests */,
			);
		};
/* End PBXProject section */

/* Begin PBXResourcesBuildPhase section */
		C90E91712E524A8C00C2AB9A /* Resources */ = {
			isa = PBXResourcesBuildPhase;
			buildActionMask = 2147483647;
			files = (
			);
			runOnlyForDeploymentPostprocessing = 0;
		};
		C90E91872E524A8D00C2AB9A /* Resources */ = {
			isa = PBXResourcesBuildPhase;
			buildActionMask = 2147483647;
			files = (
			);
			runOnlyForDeploymentPostprocessing = 0;
		};
		C90E91912E524A8D00C2AB9A /* Resources */ = {
			isa = PBXResourcesBuildPhase;
			buildActionMask = 2147483647;
			files = (
			);
			runOnlyForDeploymentPostprocessing = 0;
		};
/* End PBXResourcesBuildPhase section */

/* Begin PBXShellScriptBuildPhase section */
		5A98004B09120865C5C0EBD5 /* [CP] Check Pods Manifest.lock */ = {
			isa = PBXShellScriptBuildPhase;
			buildActionMask = 2147483647;
			files = (
			);
			inputFileListPaths = (
			);
			inputPaths = (
				"${PODS_PODFILE_DIR_PATH}/Podfile.lock",
				"${PODS_ROOT}/Manifest.lock",
			);
			name = "[CP] Check Pods Manifest.lock";
			outputFileListPaths = (
			);
			outputPaths = (
				"$(DERIVED_FILE_DIR)/Pods-PokepoCodeId-checkManifestLockResult.txt",
			);
			runOnlyForDeploymentPostprocessing = 0;
			shellPath = /bin/sh;
			shellScript = "diff \"${PODS_PODFILE_DIR_PATH}/Podfile.lock\" \"${PODS_ROOT}/Manifest.lock\" > /dev/null\nif [ $? != 0 ] ; then\n    # print error to STDERR\n    echo \"error: The sandbox is not in sync with the Podfile.lock. Run 'pod install' or update your CocoaPods installation.\" >&2\n    exit 1\nfi\n# This output is used by Xcode 'outputs' to avoid re-running this script phase.\necho \"SUCCESS\" > \"${SCRIPT_OUTPUT_FILE_0}\"\n";
			showEnvVarsInLog = 0;
		};
		AA7B0B0B9793D8A94D6E96B4 /* [CP] Check Pods Manifest.lock */ = {
			isa = PBXShellScriptBuildPhase;
			buildActionMask = 2147483647;
			files = (
			);
			inputFileListPaths = (
			);
			inputPaths = (
				"${PODS_PODFILE_DIR_PATH}/Podfile.lock",
				"${PODS_ROOT}/Manifest.lock",
			);
			name = "[CP] Check Pods Manifest.lock";
			outputFileListPaths = (
			);
			outputPaths = (
				"$(DERIVED_FILE_DIR)/Pods-PokepoCodeIdTests-checkManifestLockResult.txt",
			);
			runOnlyForDeploymentPostprocessing = 0;
			shellPath = /bin/sh;
			shellScript = "diff \"${PODS_PODFILE_DIR_PATH}/Podfile.lock\" \"${PODS_ROOT}/Manifest.lock\" > /dev/null\nif [ $? != 0 ] ; then\n    # print error to STDERR\n    echo \"error: The sandbox is not in sync with the Podfile.lock. Run 'pod install' or update your CocoaPods installation.\" >&2\n    exit 1\nfi\n# This output is used by Xcode 'outputs' to avoid re-running this script phase.\necho \"SUCCESS\" > \"${SCRIPT_OUTPUT_FILE_0}\"\n";
			showEnvVarsInLog = 0;
		};
		EFB34E922CE2FEF8D65FAD49 /* [CP] Check Pods Manifest.lock */ = {
			isa = PBXShellScriptBuildPhase;
			buildActionMask = 2147483647;
			files = (
			);
			inputFileListPaths = (
			);
			inputPaths = (
				"${PODS_PODFILE_DIR_PATH}/Podfile.lock",
				"${PODS_ROOT}/Manifest.lock",
			);
			name = "[CP] Check Pods Manifest.lock";
			outputFileListPaths = (
			);
			outputPaths = (
				"$(DERIVED_FILE_DIR)/Pods-PokepoCodeIdUITests-checkManifestLockResult.txt",
			);
			runOnlyForDeploymentPostprocessing = 0;
			shellPath = /bin/sh;
			shellScript = "diff \"${PODS_PODFILE_DIR_PATH}/Podfile.lock\" \"${PODS_ROOT}/Manifest.lock\" > /dev/null\nif [ $? != 0 ] ; then\n    # print error to STDERR\n    echo \"error: The sandbox is not in sync with the Podfile.lock. Run 'pod install' or update your CocoaPods installation.\" >&2\n    exit 1\nfi\n# This output is used by Xcode 'outputs' to avoid re-running this script phase.\necho \"SUCCESS\" > \"${SCRIPT_OUTPUT_FILE_0}\"\n";
			showEnvVarsInLog = 0;
		};
/* End PBXShellScriptBuildPhase section */

/* Begin PBXSourcesBuildPhase section */
		C90E916F2E524A8C00C2AB9A /* Sources */ = {
			isa = PBXSourcesBuildPhase;
			buildActionMask = 2147483647;
			files = (
			);
			runOnlyForDeploymentPostprocessing = 0;
		};
		C90E91852E524A8D00C2AB9A /* Sources */ = {
			isa = PBXSourcesBuildPhase;
			buildActionMask = 2147483647;
			files = (
			);
			runOnlyForDeploymentPostprocessing = 0;
		};
		C90E918F2E524A8D00C2AB9A /* Sources */ = {
			isa = PBXSourcesBuildPhase;
			buildActionMask = 2147483647;
			files = (
			);
			runOnlyForDeploymentPostprocessing = 0;
		};
/* End PBXSourcesBuildPhase section */

/* Begin PBXTargetDependency section */
		C90E918B2E524A8D00C2AB9A /* PBXTargetDependency */ = {
			isa = PBXTargetDependency;
			target = C90E91722E524A8C00C2AB9A /* PokepoCodeId */;
			targetProxy = C90E918A2E524A8D00C2AB9A /* PBXContainerItemProxy */;
		};
		C90E91952E524A8D00C2AB9A /* PBXTargetDependency */ = {
			isa = PBXTargetDependency;
			target = C90E91722E524A8C00C2AB9A /* PokepoCodeId */;
			targetProxy = C90E91942E524A8D00C2AB9A /* PBXContainerItemProxy */;
		};
/* End PBXTargetDependency section */

/* Begin XCBuildConfiguration section */
		C90E919D2E524A8D00C2AB9A /* Debug */ = {
			isa = XCBuildConfiguration;
			baseConfigurationReference = B523D3E7EA373FA713250EF6 /* Pods-PokepoCodeId.debug.xcconfig */;
			buildSettings = {
				ASSETCATALOG_COMPILER_APPICON_NAME = AppIcon;
				ASSETCATALOG_COMPILER_GLOBAL_ACCENT_COLOR_NAME = AccentColor;
				CODE_SIGN_STYLE = Automatic;
				CURRENT_PROJECT_VERSION = 1;
				DEVELOPMENT_TEAM = WX488TK3G3;
				GENERATE_INFOPLIST_FILE = YES;
				INFOPLIST_FILE = PokepoCodeId/Info.plist;
				INFOPLIST_KEY_UIApplicationSupportsIndirectInputEvents = YES;
				INFOPLIST_KEY_UILaunchStoryboardName = LaunchScreen;
				INFOPLIST_KEY_UIMainStoryboardFile = "";
				INFOPLIST_KEY_UISupportedInterfaceOrientations_iPad = "UIInterfaceOrientationPortrait UIInterfaceOrientationPortraitUpsideDown UIInterfaceOrientationLandscapeLeft UIInterfaceOrientationLandscapeRight";
				INFOPLIST_KEY_UISupportedInterfaceOrientations_iPhone = "UIInterfaceOrientationPortrait UIInterfaceOrientationLandscapeLeft UIInterfaceOrientationLandscapeRight";
				IPHONEOS_DEPLOYMENT_TARGET = 13.0;
				LD_RUNPATH_SEARCH_PATHS = (
					"$(inherited)",
					"@executable_path/Frameworks",
				);
				MARKETING_VERSION = 1.0;
				PRODUCT_BUNDLE_IDENTIFIER = tech.agnika.PokepoCodeId;
				PRODUCT_NAME = "$(TARGET_NAME)";
				SUPPORTED_PLATFORMS = "iphoneos iphonesimulator";
				SUPPORTS_MACCATALYST = NO;
				SUPPORTS_MAC_DESIGNED_FOR_IPHONE_IPAD = NO;
				SUPPORTS_XR_DESIGNED_FOR_IPHONE_IPAD = NO;
				SWIFT_EMIT_LOC_STRINGS = YES;
				SWIFT_VERSION = 5.0;
				TARGETED_DEVICE_FAMILY = "1,2";
			};
			name = Debug;
		};
		C90E919E2E524A8D00C2AB9A /* Release */ = {
			isa = XCBuildConfiguration;
			baseConfigurationReference = 51F3ADC570EB4DA3321470C0 /* Pods-PokepoCodeId.release.xcconfig */;
			buildSettings = {
				ASSETCATALOG_COMPILER_APPICON_NAME = AppIcon;
				ASSETCATALOG_COMPILER_GLOBAL_ACCENT_COLOR_NAME = AccentColor;
				CODE_SIGN_STYLE = Automatic;
				CURRENT_PROJECT_VERSION = 1;
				DEVELOPMENT_TEAM = WX488TK3G3;
				GENERATE_INFOPLIST_FILE = YES;
				INFOPLIST_FILE = PokepoCodeId/Info.plist;
				INFOPLIST_KEY_UIApplicationSupportsIndirectInputEvents = YES;
				INFOPLIST_KEY_UILaunchStoryboardName = LaunchScreen;
				INFOPLIST_KEY_UIMainStoryboardFile = "";
				INFOPLIST_KEY_UISupportedInterfaceOrientations_iPad = "UIInterfaceOrientationPortrait UIInterfaceOrientationPortraitUpsideDown UIInterfaceOrientationLandscapeLeft UIInterfaceOrientationLandscapeRight";
				INFOPLIST_KEY_UISupportedInterfaceOrientations_iPhone = "UIInterfaceOrientationPortrait UIInterfaceOrientationLandscapeLeft UIInterfaceOrientationLandscapeRight";
				IPHONEOS_DEPLOYMENT_TARGET = 13.0;
				LD_RUNPATH_SEARCH_PATHS = (
					"$(inherited)",
					"@executable_path/Frameworks",
				);
				MARKETING_VERSION = 1.0;
				PRODUCT_BUNDLE_IDENTIFIER = tech.agnika.PokepoCodeId;
				PRODUCT_NAME = "$(TARGET_NAME)";
				SUPPORTED_PLATFORMS = "iphoneos iphonesimulator";
				SUPPORTS_MACCATALYST = NO;
				SUPPORTS_MAC_DESIGNED_FOR_IPHONE_IPAD = NO;
				SUPPORTS_XR_DESIGNED_FOR_IPHONE_IPAD = NO;
				SWIFT_EMIT_LOC_STRINGS = YES;
				SWIFT_VERSION = 5.0;
				TARGETED_DEVICE_FAMILY = "1,2";
			};
			name = Release;
		};
		C90E919F2E524A8D00C2AB9A /* Debug */ = {
			isa = XCBuildConfiguration;
			buildSettings = {
				ALWAYS_SEARCH_USER_PATHS = NO;
				ASSETCATALOG_COMPILER_GENERATE_SWIFT_ASSET_SYMBOL_EXTENSIONS = YES;
				CLANG_ANALYZER_NONNULL = YES;
				CLANG_ANALYZER_NUMBER_OBJECT_CONVERSION = YES_AGGRESSIVE;
				CLANG_CXX_LANGUAGE_STANDARD = "gnu++20";
				CLANG_ENABLE_MODULES = YES;
				CLANG_ENABLE_OBJC_ARC = YES;
				CLANG_ENABLE_OBJC_WEAK = YES;
				CLANG_WARN_BLOCK_CAPTURE_AUTORELEASING = YES;
				CLANG_WARN_BOOL_CONVERSION = YES;
				CLANG_WARN_COMMA = YES;
				CLANG_WARN_CONSTANT_CONVERSION = YES;
				CLANG_WARN_DEPRECATED_OBJC_IMPLEMENTATIONS = YES;
				CLANG_WARN_DIRECT_OBJC_ISA_USAGE = YES_ERROR;
				CLANG_WARN_DOCUMENTATION_COMMENTS = YES;
				CLANG_WARN_EMPTY_BODY = YES;
				CLANG_WARN_ENUM_CONVERSION = YES;
				CLANG_WARN_INFINITE_RECURSION = YES;
				CLANG_WARN_INT_CONVERSION = YES;
				CLANG_WARN_NON_LITERAL_NULL_CONVERSION = YES;
				CLANG_WARN_OBJC_IMPLICIT_RETAIN_SELF = YES;
				CLANG_WARN_OBJC_LITERAL_CONVERSION = YES;
				CLANG_WARN_OBJC_ROOT_CLASS = YES_ERROR;
				CLANG_WARN_QUOTED_INCLUDE_IN_FRAMEWORK_HEADER = YES;
				CLANG_WARN_RANGE_LOOP_ANALYSIS = YES;
				CLANG_WARN_STRICT_PROTOTYPES = YES;
				CLANG_WARN_SUSPICIOUS_MOVE = YES;
				CLANG_WARN_UNGUARDED_AVAILABILITY = YES_AGGRESSIVE;
				CLANG_WARN_UNREACHABLE_CODE = YES;
				CLANG_WARN__DUPLICATE_METHOD_MATCH = YES;
				COPY_PHASE_STRIP = NO;
				DEBUG_INFORMATION_FORMAT = dwarf;
				DEVELOPMENT_TEAM = WX488TK3G3;
				ENABLE_STRICT_OBJC_MSGSEND = YES;
				ENABLE_TESTABILITY = YES;
				ENABLE_USER_SCRIPT_SANDBOXING = YES;
				GCC_C_LANGUAGE_STANDARD = gnu17;
				GCC_DYNAMIC_NO_PIC = NO;
				GCC_NO_COMMON_BLOCKS = YES;
				GCC_OPTIMIZATION_LEVEL = 0;
				GCC_PREPROCESSOR_DEFINITIONS = (
					"DEBUG=1",
					"$(inherited)",
				);
				GCC_WARN_64_TO_32_BIT_CONVERSION = YES;
				GCC_WARN_ABOUT_RETURN_TYPE = YES_ERROR;
				GCC_WARN_UNDECLARED_SELECTOR = YES;
				GCC_WARN_UNINITIALIZED_AUTOS = YES_AGGRESSIVE;
				GCC_WARN_UNUSED_FUNCTION = YES;
				GCC_WARN_UNUSED_VARIABLE = YES;
				IPHONEOS_DEPLOYMENT_TARGET = 18.5;
				LOCALIZATION_PREFERS_STRING_CATALOGS = YES;
				MTL_ENABLE_DEBUG_INFO = INCLUDE_SOURCE;
				MTL_FAST_MATH = YES;
				ONLY_ACTIVE_ARCH = YES;
				SDKROOT = iphoneos;
				SWIFT_ACTIVE_COMPILATION_CONDITIONS = "DEBUG $(inherited)";
				SWIFT_OPTIMIZATION_LEVEL = "-Onone";
			};
			name = Debug;
		};
		C90E91A02E524A8D00C2AB9A /* Release */ = {
			isa = XCBuildConfiguration;
			buildSettings = {
				ALWAYS_SEARCH_USER_PATHS = NO;
				ASSETCATALOG_COMPILER_GENERATE_SWIFT_ASSET_SYMBOL_EXTENSIONS = YES;
				CLANG_ANALYZER_NONNULL = YES;
				CLANG_ANALYZER_NUMBER_OBJECT_CONVERSION = YES_AGGRESSIVE;
				CLANG_CXX_LANGUAGE_STANDARD = "gnu++20";
				CLANG_ENABLE_MODULES = YES;
				CLANG_ENABLE_OBJC_ARC = YES;
				CLANG_ENABLE_OBJC_WEAK = YES;
				CLANG_WARN_BLOCK_CAPTURE_AUTORELEASING = YES;
				CLANG_WARN_BOOL_CONVERSION = YES;
				CLANG_WARN_COMMA = YES;
				CLANG_WARN_CONSTANT_CONVERSION = YES;
				CLANG_WARN_DEPRECATED_OBJC_IMPLEMENTATIONS = YES;
				CLANG_WARN_DIRECT_OBJC_ISA_USAGE = YES_ERROR;
				CLANG_WARN_DOCUMENTATION_COMMENTS = YES;
				CLANG_WARN_EMPTY_BODY = YES;
				CLANG_WARN_ENUM_CONVERSION = YES;
				CLANG_WARN_INFINITE_RECURSION = YES;
				CLANG_WARN_INT_CONVERSION = YES;
				CLANG_WARN_NON_LITERAL_NULL_CONVERSION = YES;
				CLANG_WARN_OBJC_IMPLICIT_RETAIN_SELF = YES;
				CLANG_WARN_OBJC_LITERAL_CONVERSION = YES;
				CLANG_WARN_OBJC_ROOT_CLASS = YES_ERROR;
				CLANG_WARN_QUOTED_INCLUDE_IN_FRAMEWORK_HEADER = YES;
				CLANG_WARN_RANGE_LOOP_ANALYSIS = YES;
				CLANG_WARN_STRICT_PROTOTYPES = YES;
				CLANG_WARN_SUSPICIOUS_MOVE = YES;
				CLANG_WARN_UNGUARDED_AVAILABILITY = YES_AGGRESSIVE;
				CLANG_WARN_UNREACHABLE_CODE = YES;
				CLANG_WARN__DUPLICATE_METHOD_MATCH = YES;
				COPY_PHASE_STRIP = NO;
				DEBUG_INFORMATION_FORMAT = "dwarf-with-dsym";
				DEVELOPMENT_TEAM = WX488TK3G3;
				ENABLE_NS_ASSERTIONS = NO;
				ENABLE_STRICT_OBJC_MSGSEND = YES;
				ENABLE_USER_SCRIPT_SANDBOXING = YES;
				GCC_C_LANGUAGE_STANDARD = gnu17;
				GCC_NO_COMMON_BLOCKS = YES;
				GCC_WARN_64_TO_32_BIT_CONVERSION = YES;
				GCC_WARN_ABOUT_RETURN_TYPE = YES_ERROR;
				GCC_WARN_UNDECLARED_SELECTOR = YES;
				GCC_WARN_UNINITIALIZED_AUTOS = YES_AGGRESSIVE;
				GCC_WARN_UNUSED_FUNCTION = YES;
				GCC_WARN_UNUSED_VARIABLE = YES;
				IPHONEOS_DEPLOYMENT_TARGET = 18.5;
				LOCALIZATION_PREFERS_STRING_CATALOGS = YES;
				MTL_ENABLE_DEBUG_INFO = NO;
				MTL_FAST_MATH = YES;
				SDKROOT = iphoneos;
				SWIFT_COMPILATION_MODE = wholemodule;
				VALIDATE_PRODUCT = YES;
			};
			name = Release;
		};
		C90E91A22E524A8D00C2AB9A /* Debug */ = {
			isa = XCBuildConfiguration;
			baseConfigurationReference = 3AF8A0336E047326CBEF1C82 /* Pods-PokepoCodeIdTests.debug.xcconfig */;
			buildSettings = {
				BUNDLE_LOADER = "$(TEST_HOST)";
				CODE_SIGN_STYLE = Automatic;
				CURRENT_PROJECT_VERSION = 1;
				DEVELOPMENT_TEAM = WX488TK3G3;
				GENERATE_INFOPLIST_FILE = YES;
				IPHONEOS_DEPLOYMENT_TARGET = 16.0;
				MARKETING_VERSION = 1.0;
				PRODUCT_BUNDLE_IDENTIFIER = tech.agnika.PokepoCodeIdTests;
				PRODUCT_NAME = "$(TARGET_NAME)";
				SWIFT_EMIT_LOC_STRINGS = NO;
				SWIFT_VERSION = 5.0;
				TARGETED_DEVICE_FAMILY = "1,2";
				TEST_HOST = "$(BUILT_PRODUCTS_DIR)/PokepoCodeId.app/$(BUNDLE_EXECUTABLE_FOLDER_PATH)/PokepoCodeId";
			};
			name = Debug;
		};
		C90E91A32E524A8D00C2AB9A /* Release */ = {
			isa = XCBuildConfiguration;
			baseConfigurationReference = A0A0DC741B0079CA8AE78EBE /* Pods-PokepoCodeIdTests.release.xcconfig */;
			buildSettings = {
				BUNDLE_LOADER = "$(TEST_HOST)";
				CODE_SIGN_STYLE = Automatic;
				CURRENT_PROJECT_VERSION = 1;
				DEVELOPMENT_TEAM = WX488TK3G3;
				GENERATE_INFOPLIST_FILE = YES;
				IPHONEOS_DEPLOYMENT_TARGET = 16.0;
				MARKETING_VERSION = 1.0;
				PRODUCT_BUNDLE_IDENTIFIER = tech.agnika.PokepoCodeIdTests;
				PRODUCT_NAME = "$(TARGET_NAME)";
				SWIFT_EMIT_LOC_STRINGS = NO;
				SWIFT_VERSION = 5.0;
				TARGETED_DEVICE_FAMILY = "1,2";
				TEST_HOST = "$(BUILT_PRODUCTS_DIR)/PokepoCodeId.app/$(BUNDLE_EXECUTABLE_FOLDER_PATH)/PokepoCodeId";
			};
			name = Release;
		};
		C90E91A52E524A8D00C2AB9A /* Debug */ = {
			isa = XCBuildConfiguration;
			baseConfigurationReference = 848A0728418F64985824069B /* Pods-PokepoCodeIdUITests.debug.xcconfig */;
			buildSettings = {
				CODE_SIGN_STYLE = Automatic;
				CURRENT_PROJECT_VERSION = 1;
				DEVELOPMENT_TEAM = WX488TK3G3;
				GENERATE_INFOPLIST_FILE = YES;
				IPHONEOS_DEPLOYMENT_TARGET = 16.0;
				MARKETING_VERSION = 1.0;
				PRODUCT_BUNDLE_IDENTIFIER = tech.agnika.PokepoCodeIdUITests;
				PRODUCT_NAME = "$(TARGET_NAME)";
				SWIFT_EMIT_LOC_STRINGS = NO;
				SWIFT_VERSION = 5.0;
				TARGETED_DEVICE_FAMILY = "1,2";
				TEST_TARGET_NAME = PokepoCodeId;
			};
			name = Debug;
		};
		C90E91A62E524A8D00C2AB9A /* Release */ = {
			isa = XCBuildConfiguration;
			baseConfigurationReference = 3DBA1CA653BDC57805D15334 /* Pods-PokepoCodeIdUITests.release.xcconfig */;
			buildSettings = {
				CODE_SIGN_STYLE = Automatic;
				CURRENT_PROJECT_VERSION = 1;
				DEVELOPMENT_TEAM = WX488TK3G3;
				GENERATE_INFOPLIST_FILE = YES;
				IPHONEOS_DEPLOYMENT_TARGET = 16.0;
				MARKETING_VERSION = 1.0;
				PRODUCT_BUNDLE_IDENTIFIER = tech.agnika.PokepoCodeIdUITests;
				PRODUCT_NAME = "$(TARGET_NAME)";
				SWIFT_EMIT_LOC_STRINGS = NO;
				SWIFT_VERSION = 5.0;
				TARGETED_DEVICE_FAMILY = "1,2";
				TEST_TARGET_NAME = PokepoCodeId;
			};
			name = Release;
		};
/* End XCBuildConfiguration section */

/* Begin XCConfigurationList section */
		C90E916E2E524A8C00C2AB9A /* Build configuration list for PBXProject "PokepoCodeId" */ = {
			isa = XCConfigurationList;
			buildConfigurations = (
				C90E919F2E524A8D00C2AB9A /* Debug */,
				C90E91A02E524A8D00C2AB9A /* Release */,
			);
			defaultConfigurationIsVisible = 0;
			defaultConfigurationName = Release;
		};
		C90E919C2E524A8D00C2AB9A /* Build configuration list for PBXNativeTarget "PokepoCodeId" */ = {
			isa = XCConfigurationList;
			buildConfigurations = (
				C90E919D2E524A8D00C2AB9A /* Debug */,
				C90E919E2E524A8D00C2AB9A /* Release */,
			);
			defaultConfigurationIsVisible = 0;
			defaultConfigurationName = Release;
		};
		C90E91A12E524A8D00C2AB9A /* Build configuration list for PBXNativeTarget "PokepoCodeIdTests" */ = {
			isa = XCConfigurationList;
			buildConfigurations = (
				C90E91A22E524A8D00C2AB9A /* Debug */,
				C90E91A32E524A8D00C2AB9A /* Release */,
			);
			defaultConfigurationIsVisible = 0;
			defaultConfigurationName = Release;
		};
		C90E91A42E524A8D00C2AB9A /* Build configuration list for PBXNativeTarget "PokepoCodeIdUITests" */ = {
			isa = XCConfigurationList;
			buildConfigurations = (
				C90E91A52E524A8D00C2AB9A /* Debug */,
				C90E91A62E524A8D00C2AB9A /* Release */,
			);
			defaultConfigurationIsVisible = 0;
			defaultConfigurationName = Release;
		};
/* End XCConfigurationList section */

/* Begin XCRemoteSwiftPackageReference section */
		C95F9E422E526F6E0089B679 /* XCRemoteSwiftPackageReference "Alamofire" */ = {
			isa = XCRemoteSwiftPackageReference;
			repositoryURL = "https://github.com/Alamofire/Alamofire.git";
			requirement = {
				kind = upToNextMajorVersion;
				minimumVersion = 5.10.2;
			};
		};
		C9B47E4A2E572DFC005B1A23 /* XCRemoteSwiftPackageReference "RxSwift" */ = {
			isa = XCRemoteSwiftPackageReference;
			repositoryURL = "https://github.com/ReactiveX/RxSwift.git";
			requirement = {
				kind = upToNextMajorVersion;
				minimumVersion = 6.9.0;
			};
		};
		C9B47E552E572E66005B1A23 /* XCRemoteSwiftPackageReference "XLPagerTabStrip" */ = {
			isa = XCRemoteSwiftPackageReference;
			repositoryURL = "https://github.com/xmartlabs/XLPagerTabStrip.git";
			requirement = {
				kind = upToNextMajorVersion;
				minimumVersion = 9.1.0;
			};
		};
		C9B47E582E57302C005B1A23 /* XCRemoteSwiftPackageReference "realm-swift" */ = {
			isa = XCRemoteSwiftPackageReference;
			repositoryURL = "https://github.com/realm/realm-swift.git";
			requirement = {
				branch = master;
				kind = branch;
			};
		};
		C9B47ED52E5730A4005B1A23 /* XCRemoteSwiftPackageReference "Kingfisher" */ = {
			isa = XCRemoteSwiftPackageReference;
			repositoryURL = "https://github.com/onevcat/Kingfisher";
			requirement = {
				kind = upToNextMajorVersion;
				minimumVersion = 8.5.0;
			};
		};
/* End XCRemoteSwiftPackageReference section */

/* Begin XCSwiftPackageProductDependency section */
		C95F9E452E526FC50089B679 /* AlamofireDynamic */ = {
			isa = XCSwiftPackageProductDependency;
			package = C95F9E422E526F6E0089B679 /* XCRemoteSwiftPackageReference "Alamofire" */;
			productName = AlamofireDynamic;
		};
		C9B47E4D2E572DFC005B1A23 /* RxBlocking-Dynamic */ = {
			isa = XCSwiftPackageProductDependency;
			package = C9B47E4A2E572DFC005B1A23 /* XCRemoteSwiftPackageReference "RxSwift" */;
			productName = "RxBlocking-Dynamic";
		};
		C9B47E512E572DFC005B1A23 /* RxCocoa-Dynamic */ = {
			isa = XCSwiftPackageProductDependency;
			package = C9B47E4A2E572DFC005B1A23 /* XCRemoteSwiftPackageReference "RxSwift" */;
			productName = "RxCocoa-Dynamic";
		};
		C9B47E532E572DFC005B1A23 /* RxRelay */ = {
			isa = XCSwiftPackageProductDependency;
			package = C9B47E4A2E572DFC005B1A23 /* XCRemoteSwiftPackageReference "RxSwift" */;
			productName = RxRelay;
		};
		C9B47E562E572E66005B1A23 /* XLPagerTabStrip */ = {
			isa = XCSwiftPackageProductDependency;
			package = C9B47E552E572E66005B1A23 /* XCRemoteSwiftPackageReference "XLPagerTabStrip" */;
			productName = XLPagerTabStrip;
		};
		C9B47E5B2E57302C005B1A23 /* RealmSwift */ = {
			isa = XCSwiftPackageProductDependency;
			package = C9B47E582E57302C005B1A23 /* XCRemoteSwiftPackageReference "realm-swift" */;
			productName = RealmSwift;
		};
		C9B47ED62E5730A4005B1A23 /* Kingfisher */ = {
			isa = XCSwiftPackageProductDependency;
			package = C9B47ED52E5730A4005B1A23 /* XCRemoteSwiftPackageReference "Kingfisher" */;
			productName = Kingfisher;
		};
/* End XCSwiftPackageProductDependency section */
	};
	rootObject = C90E916B2E524A8C00C2AB9A /* Project object */;
}
